{
  "name": "RealistikPanel",
  "lockfileVersion": 2,
  "requires": true,
  "packages": {
    "": {
      "devDependencies": {
        "prettier": "^2.8.1",
        "prettier-plugin-jinja-template": "^0.0.4"
      }
    },
    "node_modules/prettier": {
      "version": "2.8.1",
      "resolved": "https://registry.npmjs.org/prettier/-/prettier-2.8.1.tgz",
      "integrity": "sha512-lqGoSJBQNJidqCHE80vqZJHWHRFoNYsSpP9AjFhlhi9ODCJA541svILes/+/1GM3VaL/abZi7cpFzOpdR9UPKg==",
      "dev": true,
      "bin": {
        "prettier": "bin-prettier.js"
      },
      "engines": {
        "node": ">=10.13.0"
      },
      "funding": {
        "url": "https://github.com/prettier/prettier?sponsor=1"
      }
    },
    "node_modules/prettier-plugin-jinja-template": {
      "version": "0.0.4",
      "resolved": "https://registry.npmjs.org/prettier-plugin-jinja-template/-/prettier-plugin-jinja-template-0.0.4.tgz",
      "integrity": "sha512-26wupCFarh5tmtupZor8WsHCUI9oj3aJ9/U9a1SVEC9fREONLkuiZ5xoaBmFeKOrQyWVWD3cv+Ma9JtOUmuOzA==",
      "dev": true,
      "peerDependencies": {
        "prettier": "^2.0.0"
      }
    }
  },
  "dependencies": {
    "prettier": {
      "version": "2.8.1",
      "resolved": "https://registry.npmjs.org/prettier/-/prettier-2.8.1.tgz",
      "integrity": "sha512-lqGoSJBQNJidqCHE80vqZJHWHRFoNYsSpP9AjFhlhi9ODCJA541svILes/+/1GM3VaL/abZi7cpFzOpdR9UPKg==",
      "dev": true
    },
    "prettier-plugin-jinja-template": {
      "version": "0.0.4",
      "resolved": "https://registry.npmjs.org/prettier-plugin-jinja-template/-/prettier-plugin-jinja-template-0.0.4.tgz",
      "integrity": "sha512-26wupCFarh5tmtupZor8WsHCUI9oj3aJ9/U9a1SVEC9fREONLkuiZ5xoaBmFeKOrQyWVWD3cv+Ma9JtOUmuOzA==",
      "dev": true,
      "requires": {}
    }
  }
}
